version: 2.0
shards:
  backtracer:
    git: https://github.com/sija/backtracer.cr.git
    version: 1.2.4

  baked_file_handler:
    git: https://github.com/ralsina/baked_file_handler.git
    version: 0.1.1

  baked_file_system:
    git: https://github.com/ralsina/baked_file_system.git
    version: 0.10.0+git.commit.beb373124c7a235cfb9cd94e36849d8168eaa04b

  crest:
    git: https://github.com/mamantoha/crest.git
    version: 1.5.1

  crystar:
    git: https://github.com/naqvis/crystar.git
    version: 0.4.0

  docopt:
    git: https://github.com/ralsina/docopt.cr.git
    version: 0.2.1

  dotenv:
    git: https://github.com/gdotdesign/cr-dotenv.git
    version: 1.0.0

  exception_page:
    git: https://github.com/crystal-loot/exception_page.git
    version: 0.5.0

  fswatch:
    git: https://github.com/bcardiff/crystal-fswatch.git
    version: 0.1.0+git.commit.04aca8703e22fb0ed3d7a39316a49bc0e30eefba

  html_builder:
    git: https://github.com/crystal-lang/html_builder.git
    version: 0.2.2

  http-client-digest_auth:
    git: https://github.com/mamantoha/http-client-digest_auth.git
    version: 0.6.0

  http_proxy:
    git: https://github.com/mamantoha/http_proxy.git
    version: 0.13.1

  kemal:
    git: https://github.com/kemalcr/kemal.git
    version: 1.7.3

  kemal-basic-auth:
    git: https://github.com/kemalcr/kemal-basic-auth.git
    version: 1.0.0

  kemal-session:
    git: https://github.com/kemalcr/kemal-session.git
    version: 1.3.0

  mcp:
    git: https://github.com/ralsina/mcp.git
    version: 0.1.0+git.commit.ae60e10b822464a76f5e595aa9001fe6bd53d1aa

  multi_auth:
    git: https://github.com/msa7/multi_auth.git
    version: 1.1.1

  radix:
    git: https://github.com/luislavena/radix.git
    version: 0.4.1

  rate_limiter:
    path: rate_limiter
    version: 0.1.0

  sepia:
    git: https://github.com/ralsina/sepia.git
    version: 0.1.0+git.commit.e67c549f40e64fe27e49b0468fa3ca31b24d2610

